uuid: b047c748-ca5b-4fa9-94cb-728d9e973001
langcode: en
status: true
dependencies:
  content:
    - 'block_content:basic:a8867e54-435f-4474-abf5-e4c03874a976'
  module:
    - block_content
    - system
  theme:
    - belgrade
id: frontpageblock
theme: belgrade
region: content
weight: -8
provider: null
plugin: 'block_content:a8867e54-435f-4474-abf5-e4c03874a976'
settings:
  id: 'block_content:a8867e54-435f-4474-abf5-e4c03874a976'
  label: 'Front Page Block'
  provider: block_content
  label_display: '0'
  status: true
  info: ''
  view_mode: full
visibility:
  request_path:
    id: request_path
    pages: '<front>'
    negate: false
